
Microsoft Visual Studio Solution File, Format Version 12.00
# Visual Studio Version 16
VisualStudioVersion = 16.0.30907.101
MinimumVisualStudioVersion = 10.0.40219.1
Project("{00D1A9C2-B5F0-4AF3-8072-F6C62B433612}") = "ART.SurveyMaker.DB", "ART.SurveyMaker.DB\ART.SurveyMaker.DB.sqlproj", "{45CBC4BB-78D2-43F6-987C-7CF390BDCEF0}"
EndProject
Global
	GlobalSection(SolutionConfigurationPlatforms) = preSolution
		Debug|Any CPU = Debug|Any CPU
		Release|Any CPU = Release|Any CPU
	EndGlobalSection
	GlobalSection(ProjectConfigurationPlatforms) = postSolution
		{45CBC4BB-78D2-43F6-987C-7CF390BDCEF0}.Debug|Any CPU.ActiveCfg = Debug|Any CPU
		{45CBC4BB-78D2-43F6-987C-7CF390BDCEF0}.Debug|Any CPU.Build.0 = Debug|Any CPU
		{45CBC4BB-78D2-43F6-987C-7CF390BDCEF0}.Debug|Any CPU.Deploy.0 = Debug|Any CPU
		{45CBC4BB-78D2-43F6-987C-7CF390BDCEF0}.Release|Any CPU.ActiveCfg = Release|Any CPU
		{45CBC4BB-78D2-43F6-987C-7CF390BDCEF0}.Release|Any CPU.Build.0 = Release|Any CPU
		{45CBC4BB-78D2-43F6-987C-7CF390BDCEF0}.Release|Any CPU.Deploy.0 = Release|Any CPU
	EndGlobalSection
	GlobalSection(SolutionProperties) = preSolution
		HideSolutionNode = FALSE
	EndGlobalSection
	GlobalSection(ExtensibilityGlobals) = postSolution
		SolutionGuid = {285569CF-CF14-4047-9FE2-BC184FD7D6F7}
	EndGlobalSection
EndGlobal
